// !$*UTF8*$!
{
	archiveVersion = 1;
	classes = {
	};
	objectVersion = 56;
	objects = {

/* Begin PBXBuildFile section */
		1225922C2B34BD7D0059B785 /* DimeApp.swift in Sources */ = {isa = PBXBuildFile; fileRef = 1225922B2B34BD7D0059B785 /* DimeApp.swift */; };
		1225922E2B34BD7D0059B785 /* ContentView.swift in Sources */ = {isa = PBXBuildFile; fileRef = 1225922D2B34BD7D0059B785 /* ContentView.swift */; };
		122592302B34BD7E0059B785 /* Assets.xcassets in Resources */ = {isa = PBXBuildFile; fileRef = 1225922F2B34BD7E0059B785 /* Assets.xcassets */; };
		122592342B34BD7E0059B785 /* Preview Assets.xcassets in Resources */ = {isa = PBXBuildFile; fileRef = 122592332B34BD7E0059B785 /* Preview Assets.xcassets */; };
		1225923E2B34BD7E0059B785 /* DimeTests.swift in Sources */ = {isa = PBXBuildFile; fileRef = 1225923D2B34BD7E0059B785 /* DimeTests.swift */; };
		122592482B34BD7E0059B785 /* DimeUITests.swift in Sources */ = {isa = PBXBuildFile; fileRef = 122592472B34BD7E0059B785 /* DimeUITests.swift */; };
		1225924A2B34BD7E0059B785 /* DimeUITestsLaunchTests.swift in Sources */ = {isa = PBXBuildFile; fileRef = 122592492B34BD7E0059B785 /* DimeUITestsLaunchTests.swift */; };
		1225925A2B34BFBC0059B785 /* IntroScreen.swift in Sources */ = {isa = PBXBuildFile; fileRef = 122592592B34BFBC0059B785 /* IntroScreen.swift */; };
		1225925D2B34C35E0059B785 /* Constant.swift in Sources */ = {isa = PBXBuildFile; fileRef = 1225925C2B34C35E0059B785 /* Constant.swift */; };
		122592622B34CDE60059B785 /* Tab.swift in Sources */ = {isa = PBXBuildFile; fileRef = 122592612B34CDE60059B785 /* Tab.swift */; };
		122592642B35E7760059B785 /* Category.swift in Sources */ = {isa = PBXBuildFile; fileRef = 122592632B35E7760059B785 /* Category.swift */; };
		122592662B35E82B0059B785 /* Transaction.swift in Sources */ = {isa = PBXBuildFile; fileRef = 122592652B35E82B0059B785 /* Transaction.swift */; };
		12E322C02B35EA0F0064D4A2 /* TintColor.swift in Sources */ = {isa = PBXBuildFile; fileRef = 12E322BF2B35EA0F0064D4A2 /* TintColor.swift */; };
		12E322C32B35EAB90064D4A2 /* Recents.swift in Sources */ = {isa = PBXBuildFile; fileRef = 12E322C22B35EAB90064D4A2 /* Recents.swift */; };
		12E322C52B35EAC60064D4A2 /* Search.swift in Sources */ = {isa = PBXBuildFile; fileRef = 12E322C42B35EAC60064D4A2 /* Search.swift */; };
		12E322C72B35EAD30064D4A2 /* Graphs.swift in Sources */ = {isa = PBXBuildFile; fileRef = 12E322C62B35EAD30064D4A2 /* Graphs.swift */; };
		12E322C92B35EAE40064D4A2 /* Settings.swift in Sources */ = {isa = PBXBuildFile; fileRef = 12E322C82B35EAE40064D4A2 /* Settings.swift */; };
		12E322CB2B35F1700064D4A2 /* TransactionCardView.swift in Sources */ = {isa = PBXBuildFile; fileRef = 12E322CA2B35F1700064D4A2 /* TransactionCardView.swift */; };
		12E322CD2B35F1870064D4A2 /* DateFilterView.swift in Sources */ = {isa = PBXBuildFile; fileRef = 12E322CC2B35F1870064D4A2 /* DateFilterView.swift */; };
		12E322CF2B35F1AC0064D4A2 /* CardView.swift in Sources */ = {isa = PBXBuildFile; fileRef = 12E322CE2B35F1AC0064D4A2 /* CardView.swift */; };
		12E322D12B35F1E60064D4A2 /* View+Extension.swift in Sources */ = {isa = PBXBuildFile; fileRef = 12E322D02B35F1E60064D4A2 /* View+Extension.swift */; };
		12E322D32B35F2B70064D4A2 /* Date+Extensions.swift in Sources */ = {isa = PBXBuildFile; fileRef = 12E322D22B35F2B70064D4A2 /* Date+Extensions.swift */; };
		12E322D82B37ADC80064D4A2 /* SwipeAction.swift in Sources */ = {isa = PBXBuildFile; fileRef = 12E322D72B37ADC80064D4A2 /* SwipeAction.swift */; };
/* End PBXBuildFile section */

/* Begin PBXContainerItemProxy section */
		1225923A2B34BD7E0059B785 /* PBXContainerItemProxy */ = {
			isa = PBXContainerItemProxy;
			containerPortal = 122592202B34BD7D0059B785 /* Project object */;
			proxyType = 1;
			remoteGlobalIDString = 122592272B34BD7D0059B785;
			remoteInfo = Dime;
		};
		122592442B34BD7E0059B785 /* PBXContainerItemProxy */ = {
			isa = PBXContainerItemProxy;
			containerPortal = 122592202B34BD7D0059B785 /* Project object */;
			proxyType = 1;
			remoteGlobalIDString = 122592272B34BD7D0059B785;
			remoteInfo = Dime;
		};
/* End PBXContainerItemProxy section */

/* Begin PBXFileReference section */
		122592282B34BD7D0059B785 /* Dime.app */ = {isa = PBXFileReference; explicitFileType = wrapper.application; includeInIndex = 0; path = Dime.app; sourceTree = BUILT_PRODUCTS_DIR; };
		1225922B2B34BD7D0059B785 /* DimeApp.swift */ = {isa = PBXFileReference; lastKnownFileType = sourcecode.swift; path = DimeApp.swift; sourceTree = "<group>"; };
		1225922D2B34BD7D0059B785 /* ContentView.swift */ = {isa = PBXFileReference; lastKnownFileType = sourcecode.swift; path = ContentView.swift; sourceTree = "<group>"; };
		1225922F2B34BD7E0059B785 /* Assets.xcassets */ = {isa = PBXFileReference; lastKnownFileType = folder.assetcatalog; path = Assets.xcassets; sourceTree = "<group>"; };
		122592312B34BD7E0059B785 /* Dime.entitlements */ = {isa = PBXFileReference; lastKnownFileType = text.plist.entitlements; path = Dime.entitlements; sourceTree = "<group>"; };
		122592332B34BD7E0059B785 /* Preview Assets.xcassets */ = {isa = PBXFileReference; lastKnownFileType = folder.assetcatalog; path = "Preview Assets.xcassets"; sourceTree = "<group>"; };
		122592392B34BD7E0059B785 /* DimeTests.xctest */ = {isa = PBXFileReference; explicitFileType = wrapper.cfbundle; includeInIndex = 0; path = DimeTests.xctest; sourceTree = BUILT_PRODUCTS_DIR; };
		1225923D2B34BD7E0059B785 /* DimeTests.swift */ = {isa = PBXFileReference; lastKnownFileType = sourcecode.swift; path = DimeTests.swift; sourceTree = "<group>"; };
		122592432B34BD7E0059B785 /* DimeUITests.xctest */ = {isa = PBXFileReference; explicitFileType = wrapper.cfbundle; includeInIndex = 0; path = DimeUITests.xctest; sourceTree = BUILT_PRODUCTS_DIR; };
		122592472B34BD7E0059B785 /* DimeUITests.swift */ = {isa = PBXFileReference; lastKnownFileType = sourcecode.swift; path = DimeUITests.swift; sourceTree = "<group>"; };
		122592492B34BD7E0059B785 /* DimeUITestsLaunchTests.swift */ = {isa = PBXFileReference; lastKnownFileType = sourcecode.swift; path = DimeUITestsLaunchTests.swift; sourceTree = "<group>"; };
		122592592B34BFBC0059B785 /* IntroScreen.swift */ = {isa = PBXFileReference; lastKnownFileType = sourcecode.swift; path = IntroScreen.swift; sourceTree = "<group>"; };
		1225925C2B34C35E0059B785 /* Constant.swift */ = {isa = PBXFileReference; lastKnownFileType = sourcecode.swift; path = Constant.swift; sourceTree = "<group>"; };
		122592612B34CDE60059B785 /* Tab.swift */ = {isa = PBXFileReference; lastKnownFileType = sourcecode.swift; path = Tab.swift; sourceTree = "<group>"; };
		122592632B35E7760059B785 /* Category.swift */ = {isa = PBXFileReference; lastKnownFileType = sourcecode.swift; path = Category.swift; sourceTree = "<group>"; };
		122592652B35E82B0059B785 /* Transaction.swift */ = {isa = PBXFileReference; lastKnownFileType = sourcecode.swift; path = Transaction.swift; sourceTree = "<group>"; };
		12E322BF2B35EA0F0064D4A2 /* TintColor.swift */ = {isa = PBXFileReference; lastKnownFileType = sourcecode.swift; path = TintColor.swift; sourceTree = "<group>"; };
		12E322C22B35EAB90064D4A2 /* Recents.swift */ = {isa = PBXFileReference; lastKnownFileType = sourcecode.swift; path = Recents.swift; sourceTree = "<group>"; };
		12E322C42B35EAC60064D4A2 /* Search.swift */ = {isa = PBXFileReference; lastKnownFileType = sourcecode.swift; path = Search.swift; sourceTree = "<group>"; };
		12E322C62B35EAD30064D4A2 /* Graphs.swift */ = {isa = PBXFileReference; lastKnownFileType = sourcecode.swift; path = Graphs.swift; sourceTree = "<group>"; };
		12E322C82B35EAE40064D4A2 /* Settings.swift */ = {isa = PBXFileReference; lastKnownFileType = sourcecode.swift; path = Settings.swift; sourceTree = "<group>"; };
		12E322CA2B35F1700064D4A2 /* TransactionCardView.swift */ = {isa = PBXFileReference; lastKnownFileType = sourcecode.swift; path = TransactionCardView.swift; sourceTree = "<group>"; };
		12E322CC2B35F1870064D4A2 /* DateFilterView.swift */ = {isa = PBXFileReference; lastKnownFileType = sourcecode.swift; path = DateFilterView.swift; sourceTree = "<group>"; };
		12E322CE2B35F1AC0064D4A2 /* CardView.swift */ = {isa = PBXFileReference; lastKnownFileType = sourcecode.swift; path = CardView.swift; sourceTree = "<group>"; };
		12E322D02B35F1E60064D4A2 /* View+Extension.swift */ = {isa = PBXFileReference; lastKnownFileType = sourcecode.swift; path = "View+Extension.swift"; sourceTree = "<group>"; };
		12E322D22B35F2B70064D4A2 /* Date+Extensions.swift */ = {isa = PBXFileReference; lastKnownFileType = sourcecode.swift; path = "Date+Extensions.swift"; sourceTree = "<group>"; };
		12E322D72B37ADC80064D4A2 /* SwipeAction.swift */ = {isa = PBXFileReference; lastKnownFileType = sourcecode.swift; path = SwipeAction.swift; sourceTree = "<group>"; };
/* End PBXFileReference section */

/* Begin PBXFrameworksBuildPhase section */
		122592252B34BD7D0059B785 /* Frameworks */ = {
			isa = PBXFrameworksBuildPhase;
			buildActionMask = 2147483647;
			files = (
			);
			runOnlyForDeploymentPostprocessing = 0;
		};
		122592362B34BD7E0059B785 /* Frameworks */ = {
			isa = PBXFrameworksBuildPhase;
			buildActionMask = 2147483647;
			files = (
			);
			runOnlyForDeploymentPostprocessing = 0;
		};
		122592402B34BD7E0059B785 /* Frameworks */ = {
			isa = PBXFrameworksBuildPhase;
			buildActionMask = 2147483647;
			files = (
			);
			runOnlyForDeploymentPostprocessing = 0;
		};
/* End PBXFrameworksBuildPhase section */

/* Begin PBXGroup section */
		1225921F2B34BD7D0059B785 = {
			isa = PBXGroup;
			children = (
				1225922A2B34BD7D0059B785 /* Dime */,
				1225923C2B34BD7E0059B785 /* DimeTests */,
				122592462B34BD7E0059B785 /* DimeUITests */,
				122592292B34BD7D0059B785 /* Products */,
			);
			sourceTree = "<group>";
		};
		122592292B34BD7D0059B785 /* Products */ = {
			isa = PBXGroup;
			children = (
				122592282B34BD7D0059B785 /* Dime.app */,
				122592392B34BD7E0059B785 /* DimeTests.xctest */,
				122592432B34BD7E0059B785 /* DimeUITests.xctest */,
			);
			name = Products;
			sourceTree = "<group>";
		};
		1225922A2B34BD7D0059B785 /* Dime */ = {
			isa = PBXGroup;
			children = (
				1225925E2B34CD7F0059B785 /* TAB PACKAGE */,
				1225925B2B34C3330059B785 /* HELPERS */,
				122592582B34BF9C0059B785 /* MODELS */,
				122592572B34BF590059B785 /* APP */,
				122592562B34BF3B0059B785 /* VIEWS */,
				1225922F2B34BD7E0059B785 /* Assets.xcassets */,
				122592312B34BD7E0059B785 /* Dime.entitlements */,
				122592322B34BD7E0059B785 /* Preview Content */,
			);
			path = Dime;
			sourceTree = "<group>";
		};
		122592322B34BD7E0059B785 /* Preview Content */ = {
			isa = PBXGroup;
			children = (
				122592332B34BD7E0059B785 /* Preview Assets.xcassets */,
			);
			path = "Preview Content";
			sourceTree = "<group>";
		};
		1225923C2B34BD7E0059B785 /* DimeTests */ = {
			isa = PBXGroup;
			children = (
				1225923D2B34BD7E0059B785 /* DimeTests.swift */,
			);
			path = DimeTests;
			sourceTree = "<group>";
		};
		122592462B34BD7E0059B785 /* DimeUITests */ = {
			isa = PBXGroup;
			children = (
				122592472B34BD7E0059B785 /* DimeUITests.swift */,
				122592492B34BD7E0059B785 /* DimeUITestsLaunchTests.swift */,
			);
			path = DimeUITests;
			sourceTree = "<group>";
		};
		122592562B34BF3B0059B785 /* VIEWS */ = {
			isa = PBXGroup;
			children = (
				1225922D2B34BD7D0059B785 /* ContentView.swift */,
				12E322D62B37AD5A0064D4A2 /* Helpers */,
				12E322D52B36035F0064D4A2 /* Screens */,
				12E322D42B36034E0064D4A2 /* Views */,
			);
			path = VIEWS;
			sourceTree = "<group>";
		};
		122592572B34BF590059B785 /* APP */ = {
			isa = PBXGroup;
			children = (
				1225922B2B34BD7D0059B785 /* DimeApp.swift */,
			);
			path = APP;
			sourceTree = "<group>";
		};
		122592582B34BF9C0059B785 /* MODELS */ = {
			isa = PBXGroup;
			children = (
				122592612B34CDE60059B785 /* Tab.swift */,
				122592632B35E7760059B785 /* Category.swift */,
				122592652B35E82B0059B785 /* Transaction.swift */,
				12E322BF2B35EA0F0064D4A2 /* TintColor.swift */,
			);
			path = MODELS;
			sourceTree = "<group>";
		};
		1225925B2B34C3330059B785 /* HELPERS */ = {
			isa = PBXGroup;
			children = (
				1225925C2B34C35E0059B785 /* Constant.swift */,
				12E322D02B35F1E60064D4A2 /* View+Extension.swift */,
				12E322D22B35F2B70064D4A2 /* Date+Extensions.swift */,
			);
			path = HELPERS;
			sourceTree = "<group>";
		};
		1225925E2B34CD7F0059B785 /* TAB PACKAGE */ = {
			isa = PBXGroup;
			children = (
				122592602B34CDA30059B785 /* VIEW */,
				1225925F2B34CD9A0059B785 /* MODELS */,
			);
			path = "TAB PACKAGE";
			sourceTree = "<group>";
		};
		1225925F2B34CD9A0059B785 /* MODELS */ = {
			isa = PBXGroup;
			children = (
			);
			path = MODELS;
			sourceTree = "<group>";
		};
		122592602B34CDA30059B785 /* VIEW */ = {
			isa = PBXGroup;
			children = (
			);
			path = VIEW;
			sourceTree = "<group>";
		};
		12E322C12B35EA940064D4A2 /* Tab Views */ = {
			isa = PBXGroup;
			children = (
				12E322C22B35EAB90064D4A2 /* Recents.swift */,
				12E322C42B35EAC60064D4A2 /* Search.swift */,
				12E322C62B35EAD30064D4A2 /* Graphs.swift */,
				12E322C82B35EAE40064D4A2 /* Settings.swift */,
			);
			path = "Tab Views";
			sourceTree = "<group>";
		};
		12E322D42B36034E0064D4A2 /* Views */ = {
			isa = PBXGroup;
			children = (
				12E322C12B35EA940064D4A2 /* Tab Views */,
			);
			path = Views;
			sourceTree = "<group>";
		};
		12E322D52B36035F0064D4A2 /* Screens */ = {
			isa = PBXGroup;
			children = (
				122592592B34BFBC0059B785 /* IntroScreen.swift */,
			);
			path = Screens;
			sourceTree = "<group>";
		};
		12E322D62B37AD5A0064D4A2 /* Helpers */ = {
			isa = PBXGroup;
			children = (
				12E322CA2B35F1700064D4A2 /* TransactionCardView.swift */,
				12E322CE2B35F1AC0064D4A2 /* CardView.swift */,
				12E322CC2B35F1870064D4A2 /* DateFilterView.swift */,
				12E322D72B37ADC80064D4A2 /* SwipeAction.swift */,
			);
			path = Helpers;
			sourceTree = "<group>";
		};
/* End PBXGroup section */

/* Begin PBXNativeTarget section */
		122592272B34BD7D0059B785 /* Dime */ = {
			isa = PBXNativeTarget;
			buildConfigurationList = 1225924D2B34BD7E0059B785 /* Build configuration list for PBXNativeTarget "Dime" */;
			buildPhases = (
				122592242B34BD7D0059B785 /* Sources */,
				122592252B34BD7D0059B785 /* Frameworks */,
				122592262B34BD7D0059B785 /* Resources */,
			);
			buildRules = (
			);
			dependencies = (
			);
			name = Dime;
			productName = Dime;
			productReference = 122592282B34BD7D0059B785 /* Dime.app */;
			productType = "com.apple.product-type.application";
		};
		122592382B34BD7E0059B785 /* DimeTests */ = {
			isa = PBXNativeTarget;
			buildConfigurationList = 122592502B34BD7E0059B785 /* Build configuration list for PBXNativeTarget "DimeTests" */;
			buildPhases = (
				122592352B34BD7E0059B785 /* Sources */,
				122592362B34BD7E0059B785 /* Frameworks */,
				122592372B34BD7E0059B785 /* Resources */,
			);
			buildRules = (
			);
			dependencies = (
				1225923B2B34BD7E0059B785 /* PBXTargetDependency */,
			);
			name = DimeTests;
			productName = DimeTests;
			productReference = 122592392B34BD7E0059B785 /* DimeTests.xctest */;
			productType = "com.apple.product-type.bundle.unit-test";
		};
		122592422B34BD7E0059B785 /* DimeUITests */ = {
			isa = PBXNativeTarget;
			buildConfigurationList = 122592532B34BD7E0059B785 /* Build configuration list for PBXNativeTarget "DimeUITests" */;
			buildPhases = (
				1225923F2B34BD7E0059B785 /* Sources */,
				122592402B34BD7E0059B785 /* Frameworks */,
				122592412B34BD7E0059B785 /* Resources */,
			);
			buildRules = (
			);
			dependencies = (
				122592452B34BD7E0059B785 /* PBXTargetDependency */,
			);
			name = DimeUITests;
			productName = DimeUITests;
			productReference = 122592432B34BD7E0059B785 /* DimeUITests.xctest */;
			productType = "com.apple.product-type.bundle.ui-testing";
		};
/* End PBXNativeTarget section */

/* Begin PBXProject section */
		122592202B34BD7D0059B785 /* Project object */ = {
			isa = PBXProject;
			attributes = {
				BuildIndependentTargetsInParallel = 1;
				LastSwiftUpdateCheck = 1510;
				LastUpgradeCheck = 1510;
				TargetAttributes = {
					122592272B34BD7D0059B785 = {
						CreatedOnToolsVersion = 15.1;
					};
					122592382B34BD7E0059B785 = {
						CreatedOnToolsVersion = 15.1;
						TestTargetID = 122592272B34BD7D0059B785;
					};
					122592422B34BD7E0059B785 = {
						CreatedOnToolsVersion = 15.1;
						TestTargetID = 122592272B34BD7D0059B785;
					};
				};
			};
			buildConfigurationList = 122592232B34BD7D0059B785 /* Build configuration list for PBXProject "Dime" */;
			compatibilityVersion = "Xcode 14.0";
			developmentRegion = en;
			hasScannedForEncodings = 0;
			knownRegions = (
				en,
				Base,
			);
			mainGroup = 1225921F2B34BD7D0059B785;
			productRefGroup = 122592292B34BD7D0059B785 /* Products */;
			projectDirPath = "";
			projectRoot = "";
			targets = (
				122592272B34BD7D0059B785 /* Dime */,
				122592382B34BD7E0059B785 /* DimeTests */,
				122592422B34BD7E0059B785 /* DimeUITests */,
			);
		};
/* End PBXProject section */

/* Begin PBXResourcesBuildPhase section */
		122592262B34BD7D0059B785 /* Resources */ = {
			isa = PBXResourcesBuildPhase;
			buildActionMask = 2147483647;
			files = (
				122592342B34BD7E0059B785 /* Preview Assets.xcassets in Resources */,
				122592302B34BD7E0059B785 /* Assets.xcassets in Resources */,
			);
			runOnlyForDeploymentPostprocessing = 0;
		};
		122592372B34BD7E0059B785 /* Resources */ = {
			isa = PBXResourcesBuildPhase;
			buildActionMask = 2147483647;
			files = (
			);
			runOnlyForDeploymentPostprocessing = 0;
		};
		122592412B34BD7E0059B785 /* Resources */ = {
			isa = PBXResourcesBuildPhase;
			buildActionMask = 2147483647;
			files = (
			);
			runOnlyForDeploymentPostprocessing = 0;
		};
/* End PBXResourcesBuildPhase section */

/* Begin PBXSourcesBuildPhase section */
		122592242B34BD7D0059B785 /* Sources */ = {
			isa = PBXSourcesBuildPhase;
			buildActionMask = 2147483647;
			files = (
				12E322C02B35EA0F0064D4A2 /* TintColor.swift in Sources */,
				12E322C32B35EAB90064D4A2 /* Recents.swift in Sources */,
				122592662B35E82B0059B785 /* Transaction.swift in Sources */,
				1225922E2B34BD7D0059B785 /* ContentView.swift in Sources */,
				12E322D12B35F1E60064D4A2 /* View+Extension.swift in Sources */,
				12E322CF2B35F1AC0064D4A2 /* CardView.swift in Sources */,
				1225925A2B34BFBC0059B785 /* IntroScreen.swift in Sources */,
				12E322CB2B35F1700064D4A2 /* TransactionCardView.swift in Sources */,
				12E322D32B35F2B70064D4A2 /* Date+Extensions.swift in Sources */,
				1225922C2B34BD7D0059B785 /* DimeApp.swift in Sources */,
				12E322C92B35EAE40064D4A2 /* Settings.swift in Sources */,
				12E322CD2B35F1870064D4A2 /* DateFilterView.swift in Sources */,
				122592622B34CDE60059B785 /* Tab.swift in Sources */,
				12E322C52B35EAC60064D4A2 /* Search.swift in Sources */,
				12E322D82B37ADC80064D4A2 /* SwipeAction.swift in Sources */,
				1225925D2B34C35E0059B785 /* Constant.swift in Sources */,
				12E322C72B35EAD30064D4A2 /* Graphs.swift in Sources */,
				122592642B35E7760059B785 /* Category.swift in Sources */,
			);
			runOnlyForDeploymentPostprocessing = 0;
		};
		122592352B34BD7E0059B785 /* Sources */ = {
			isa = PBXSourcesBuildPhase;
			buildActionMask = 2147483647;
			files = (
				1225923E2B34BD7E0059B785 /* DimeTests.swift in Sources */,
			);
			runOnlyForDeploymentPostprocessing = 0;
		};
		1225923F2B34BD7E0059B785 /* Sources */ = {
			isa = PBXSourcesBuildPhase;
			buildActionMask = 2147483647;
			files = (
				122592482B34BD7E0059B785 /* DimeUITests.swift in Sources */,
				1225924A2B34BD7E0059B785 /* DimeUITestsLaunchTests.swift in Sources */,
			);
			runOnlyForDeploymentPostprocessing = 0;
		};
/* End PBXSourcesBuildPhase section */

/* Begin PBXTargetDependency section */
		1225923B2B34BD7E0059B785 /* PBXTargetDependency */ = {
			isa = PBXTargetDependency;
			target = 122592272B34BD7D0059B785 /* Dime */;
			targetProxy = 1225923A2B34BD7E0059B785 /* PBXContainerItemProxy */;
		};
		122592452B34BD7E0059B785 /* PBXTargetDependency */ = {
			isa = PBXTargetDependency;
			target = 122592272B34BD7D0059B785 /* Dime */;
			targetProxy = 122592442B34BD7E0059B785 /* PBXContainerItemProxy */;
		};
/* End PBXTargetDependency section */

/* Begin XCBuildConfiguration section */
		1225924B2B34BD7E0059B785 /* Debug */ = {
			isa = XCBuildConfiguration;
			buildSettings = {
				ALWAYS_SEARCH_USER_PATHS = NO;
				ASSETCATALOG_COMPILER_GENERATE_SWIFT_ASSET_SYMBOL_EXTENSIONS = YES;
				CLANG_ANALYZER_NONNULL = YES;
				CLANG_ANALYZER_NUMBER_OBJECT_CONVERSION = YES_AGGRESSIVE;
				CLANG_CXX_LANGUAGE_STANDARD = "gnu++20";
				CLANG_ENABLE_MODULES = YES;
				CLANG_ENABLE_OBJC_ARC = YES;
				CLANG_ENABLE_OBJC_WEAK = YES;
				CLANG_WARN_BLOCK_CAPTURE_AUTORELEASING = YES;
				CLANG_WARN_BOOL_CONVERSION = YES;
				CLANG_WARN_COMMA = YES;
				CLANG_WARN_CONSTANT_CONVERSION = YES;
				CLANG_WARN_DEPRECATED_OBJC_IMPLEMENTATIONS = YES;
				CLANG_WARN_DIRECT_OBJC_ISA_USAGE = YES_ERROR;
				CLANG_WARN_DOCUMENTATION_COMMENTS = YES;
				CLANG_WARN_EMPTY_BODY = YES;
				CLANG_WARN_ENUM_CONVERSION = YES;
				CLANG_WARN_INFINITE_RECURSION = YES;
				CLANG_WARN_INT_CONVERSION = YES;
				CLANG_WARN_NON_LITERAL_NULL_CONVERSION = YES;
				CLANG_WARN_OBJC_IMPLICIT_RETAIN_SELF = YES;
				CLANG_WARN_OBJC_LITERAL_CONVERSION = YES;
				CLANG_WARN_OBJC_ROOT_CLASS = YES_ERROR;
				CLANG_WARN_QUOTED_INCLUDE_IN_FRAMEWORK_HEADER = YES;
				CLANG_WARN_RANGE_LOOP_ANALYSIS = YES;
				CLANG_WARN_STRICT_PROTOTYPES = YES;
				CLANG_WARN_SUSPICIOUS_MOVE = YES;
				CLANG_WARN_UNGUARDED_AVAILABILITY = YES_AGGRESSIVE;
				CLANG_WARN_UNREACHABLE_CODE = YES;
				CLANG_WARN__DUPLICATE_METHOD_MATCH = YES;
				COPY_PHASE_STRIP = NO;
				DEBUG_INFORMATION_FORMAT = dwarf;
				ENABLE_STRICT_OBJC_MSGSEND = YES;
				ENABLE_TESTABILITY = YES;
				ENABLE_USER_SCRIPT_SANDBOXING = YES;
				GCC_C_LANGUAGE_STANDARD = gnu17;
				GCC_DYNAMIC_NO_PIC = NO;
				GCC_NO_COMMON_BLOCKS = YES;
				GCC_OPTIMIZATION_LEVEL = 0;
				GCC_PREPROCESSOR_DEFINITIONS = (
					"DEBUG=1",
					"$(inherited)",
				);
				GCC_WARN_64_TO_32_BIT_CONVERSION = YES;
				GCC_WARN_ABOUT_RETURN_TYPE = YES_ERROR;
				GCC_WARN_UNDECLARED_SELECTOR = YES;
				GCC_WARN_UNINITIALIZED_AUTOS = YES_AGGRESSIVE;
				GCC_WARN_UNUSED_FUNCTION = YES;
				GCC_WARN_UNUSED_VARIABLE = YES;
				LOCALIZATION_PREFERS_STRING_CATALOGS = YES;
				MTL_ENABLE_DEBUG_INFO = INCLUDE_SOURCE;
				MTL_FAST_MATH = YES;
				ONLY_ACTIVE_ARCH = YES;
				SWIFT_ACTIVE_COMPILATION_CONDITIONS = "DEBUG $(inherited)";
				SWIFT_OPTIMIZATION_LEVEL = "-Onone";
			};
			name = Debug;
		};
		1225924C2B34BD7E0059B785 /* Release */ = {
			isa = XCBuildConfiguration;
			buildSettings = {
				ALWAYS_SEARCH_USER_PATHS = NO;
				ASSETCATALOG_COMPILER_GENERATE_SWIFT_ASSET_SYMBOL_EXTENSIONS = YES;
				CLANG_ANALYZER_NONNULL = YES;
				CLANG_ANALYZER_NUMBER_OBJECT_CONVERSION = YES_AGGRESSIVE;
				CLANG_CXX_LANGUAGE_STANDARD = "gnu++20";
				CLANG_ENABLE_MODULES = YES;
				CLANG_ENABLE_OBJC_ARC = YES;
				CLANG_ENABLE_OBJC_WEAK = YES;
				CLANG_WARN_BLOCK_CAPTURE_AUTORELEASING = YES;
				CLANG_WARN_BOOL_CONVERSION = YES;
				CLANG_WARN_COMMA = YES;
				CLANG_WARN_CONSTANT_CONVERSION = YES;
				CLANG_WARN_DEPRECATED_OBJC_IMPLEMENTATIONS = YES;
				CLANG_WARN_DIRECT_OBJC_ISA_USAGE = YES_ERROR;
				CLANG_WARN_DOCUMENTATION_COMMENTS = YES;
				CLANG_WARN_EMPTY_BODY = YES;
				CLANG_WARN_ENUM_CONVERSION = YES;
				CLANG_WARN_INFINITE_RECURSION = YES;
				CLANG_WARN_INT_CONVERSION = YES;
				CLANG_WARN_NON_LITERAL_NULL_CONVERSION = YES;
				CLANG_WARN_OBJC_IMPLICIT_RETAIN_SELF = YES;
				CLANG_WARN_OBJC_LITERAL_CONVERSION = YES;
				CLANG_WARN_OBJC_ROOT_CLASS = YES_ERROR;
				CLANG_WARN_QUOTED_INCLUDE_IN_FRAMEWORK_HEADER = YES;
				CLANG_WARN_RANGE_LOOP_ANALYSIS = YES;
				CLANG_WARN_STRICT_PROTOTYPES = YES;
				CLANG_WARN_SUSPICIOUS_MOVE = YES;
				CLANG_WARN_UNGUARDED_AVAILABILITY = YES_AGGRESSIVE;
				CLANG_WARN_UNREACHABLE_CODE = YES;
				CLANG_WARN__DUPLICATE_METHOD_MATCH = YES;
				COPY_PHASE_STRIP = NO;
				DEBUG_INFORMATION_FORMAT = "dwarf-with-dsym";
				ENABLE_NS_ASSERTIONS = NO;
				ENABLE_STRICT_OBJC_MSGSEND = YES;
				ENABLE_USER_SCRIPT_SANDBOXING = YES;
				GCC_C_LANGUAGE_STANDARD = gnu17;
				GCC_NO_COMMON_BLOCKS = YES;
				GCC_WARN_64_TO_32_BIT_CONVERSION = YES;
				GCC_WARN_ABOUT_RETURN_TYPE = YES_ERROR;
				GCC_WARN_UNDECLARED_SELECTOR = YES;
				GCC_WARN_UNINITIALIZED_AUTOS = YES_AGGRESSIVE;
				GCC_WARN_UNUSED_FUNCTION = YES;
				GCC_WARN_UNUSED_VARIABLE = YES;
				LOCALIZATION_PREFERS_STRING_CATALOGS = YES;
				MTL_ENABLE_DEBUG_INFO = NO;
				MTL_FAST_MATH = YES;
				SWIFT_COMPILATION_MODE = wholemodule;
			};
			name = Release;
		};
		1225924E2B34BD7E0059B785 /* Debug */ = {
			isa = XCBuildConfiguration;
			buildSettings = {
				ASSETCATALOG_COMPILER_APPICON_NAME = AppIcon;
				ASSETCATALOG_COMPILER_GLOBAL_ACCENT_COLOR_NAME = AccentColor;
				CODE_SIGN_ENTITLEMENTS = Dime/Dime.entitlements;
				CODE_SIGN_STYLE = Automatic;
				CURRENT_PROJECT_VERSION = 1;
				DEVELOPMENT_ASSET_PATHS = "\"Dime/Preview Content\"";
				DEVELOPMENT_TEAM = 8QQYNTY523;
				ENABLE_HARDENED_RUNTIME = YES;
				ENABLE_PREVIEWS = YES;
				GENERATE_INFOPLIST_FILE = YES;
				"INFOPLIST_KEY_UIApplicationSceneManifest_Generation[sdk=iphoneos*]" = YES;
				"INFOPLIST_KEY_UIApplicationSceneManifest_Generation[sdk=iphonesimulator*]" = YES;
				"INFOPLIST_KEY_UIApplicationSupportsIndirectInputEvents[sdk=iphoneos*]" = YES;
				"INFOPLIST_KEY_UIApplicationSupportsIndirectInputEvents[sdk=iphonesimulator*]" = YES;
				"INFOPLIST_KEY_UILaunchScreen_Generation[sdk=iphoneos*]" = YES;
				"INFOPLIST_KEY_UILaunchScreen_Generation[sdk=iphonesimulator*]" = YES;
				"INFOPLIST_KEY_UIStatusBarStyle[sdk=iphoneos*]" = UIStatusBarStyleDefault;
				"INFOPLIST_KEY_UIStatusBarStyle[sdk=iphonesimulator*]" = UIStatusBarStyleDefault;
				INFOPLIST_KEY_UISupportedInterfaceOrientations_iPad = "UIInterfaceOrientationPortrait UIInterfaceOrientationPortraitUpsideDown UIInterfaceOrientationLandscapeLeft UIInterfaceOrientationLandscapeRight";
				INFOPLIST_KEY_UISupportedInterfaceOrientations_iPhone = "UIInterfaceOrientationPortrait UIInterfaceOrientationLandscapeLeft UIInterfaceOrientationLandscapeRight";
				IPHONEOS_DEPLOYMENT_TARGET = 17.2;
				LD_RUNPATH_SEARCH_PATHS = "@executable_path/Frameworks";
				"LD_RUNPATH_SEARCH_PATHS[sdk=macosx*]" = "@executable_path/../Frameworks";
				MACOSX_DEPLOYMENT_TARGET = 14.2;
				MARKETING_VERSION = 1.0;
				PRODUCT_BUNDLE_IDENTIFIER = com.weldtactics.Dime;
				PRODUCT_NAME = "$(TARGET_NAME)";
				SDKROOT = auto;
				SUPPORTED_PLATFORMS = "iphoneos iphonesimulator macosx";
				SWIFT_EMIT_LOC_STRINGS = YES;
				SWIFT_VERSION = 5.0;
				TARGETED_DEVICE_FAMILY = "1,2";
			};
			name = Debug;
		};
		1225924F2B34BD7E0059B785 /* Release */ = {
			isa = XCBuildConfiguration;
			buildSettings = {
				ASSETCATALOG_COMPILER_APPICON_NAME = AppIcon;
				ASSETCATALOG_COMPILER_GLOBAL_ACCENT_COLOR_NAME = AccentColor;
				CODE_SIGN_ENTITLEMENTS = Dime/Dime.entitlements;
				CODE_SIGN_STYLE = Automatic;
				CURRENT_PROJECT_VERSION = 1;
				DEVELOPMENT_ASSET_PATHS = "\"Dime/Preview Content\"";
				DEVELOPMENT_TEAM = 8QQYNTY523;
				ENABLE_HARDENED_RUNTIME = YES;
				ENABLE_PREVIEWS = YES;
				GENERATE_INFOPLIST_FILE = YES;
				"INFOPLIST_KEY_UIApplicationSceneManifest_Generation[sdk=iphoneos*]" = YES;
				"INFOPLIST_KEY_UIApplicationSceneManifest_Generation[sdk=iphonesimulator*]" = YES;
				"INFOPLIST_KEY_UIApplicationSupportsIndirectInputEvents[sdk=iphoneos*]" = YES;
				"INFOPLIST_KEY_UIApplicationSupportsIndirectInputEvents[sdk=iphonesimulator*]" = YES;
				"INFOPLIST_KEY_UILaunchScreen_Generation[sdk=iphoneos*]" = YES;
				"INFOPLIST_KEY_UILaunchScreen_Generation[sdk=iphonesimulator*]" = YES;
				"INFOPLIST_KEY_UIStatusBarStyle[sdk=iphoneos*]" = UIStatusBarStyleDefault;
				"INFOPLIST_KEY_UIStatusBarStyle[sdk=iphonesimulator*]" = UIStatusBarStyleDefault;
				INFOPLIST_KEY_UISupportedInterfaceOrientations_iPad = "UIInterfaceOrientationPortrait UIInterfaceOrientationPortraitUpsideDown UIInterfaceOrientationLandscapeLeft UIInterfaceOrientationLandscapeRight";
				INFOPLIST_KEY_UISupportedInterfaceOrientations_iPhone = "UIInterfaceOrientationPortrait UIInterfaceOrientationLandscapeLeft UIInterfaceOrientationLandscapeRight";
				IPHONEOS_DEPLOYMENT_TARGET = 17.2;
				LD_RUNPATH_SEARCH_PATHS = "@executable_path/Frameworks";
				"LD_RUNPATH_SEARCH_PATHS[sdk=macosx*]" = "@executable_path/../Frameworks";
				MACOSX_DEPLOYMENT_TARGET = 14.2;
				MARKETING_VERSION = 1.0;
				PRODUCT_BUNDLE_IDENTIFIER = com.weldtactics.Dime;
				PRODUCT_NAME = "$(TARGET_NAME)";
				SDKROOT = auto;
				SUPPORTED_PLATFORMS = "iphoneos iphonesimulator macosx";
				SWIFT_EMIT_LOC_STRINGS = YES;
				SWIFT_VERSION = 5.0;
				TARGETED_DEVICE_FAMILY = "1,2";
			};
			name = Release;
		};
		122592512B34BD7E0059B785 /* Debug */ = {
			isa = XCBuildConfiguration;
			buildSettings = {
				ALWAYS_EMBED_SWIFT_STANDARD_LIBRARIES = YES;
				BUNDLE_LOADER = "$(TEST_HOST)";
				CODE_SIGN_STYLE = Automatic;
				CURRENT_PROJECT_VERSION = 1;
				DEVELOPMENT_TEAM = 8QQYNTY523;
				GENERATE_INFOPLIST_FILE = YES;
				IPHONEOS_DEPLOYMENT_TARGET = 17.2;
				MACOSX_DEPLOYMENT_TARGET = 14.2;
				MARKETING_VERSION = 1.0;
				PRODUCT_BUNDLE_IDENTIFIER = com.weldtactics.DimeTests;
				PRODUCT_NAME = "$(TARGET_NAME)";
				SDKROOT = auto;
				SUPPORTED_PLATFORMS = "iphoneos iphonesimulator macosx";
				SWIFT_EMIT_LOC_STRINGS = NO;
				SWIFT_VERSION = 5.0;
				TARGETED_DEVICE_FAMILY = "1,2";
				TEST_HOST = "$(BUILT_PRODUCTS_DIR)/Dime.app/$(BUNDLE_EXECUTABLE_FOLDER_PATH)/Dime";
			};
			name = Debug;
		};
		122592522B34BD7E0059B785 /* Release */ = {
			isa = XCBuildConfiguration;
			buildSettings = {
				ALWAYS_EMBED_SWIFT_STANDARD_LIBRARIES = YES;
				BUNDLE_LOADER = "$(TEST_HOST)";
				CODE_SIGN_STYLE = Automatic;
				CURRENT_PROJECT_VERSION = 1;
				DEVELOPMENT_TEAM = 8QQYNTY523;
				GENERATE_INFOPLIST_FILE = YES;
				IPHONEOS_DEPLOYMENT_TARGET = 17.2;
				MACOSX_DEPLOYMENT_TARGET = 14.2;
				MARKETING_VERSION = 1.0;
				PRODUCT_BUNDLE_IDENTIFIER = com.weldtactics.DimeTests;
				PRODUCT_NAME = "$(TARGET_NAME)";
				SDKROOT = auto;
				SUPPORTED_PLATFORMS = "iphoneos iphonesimulator macosx";
				SWIFT_EMIT_LOC_STRINGS = NO;
				SWIFT_VERSION = 5.0;
				TARGETED_DEVICE_FAMILY = "1,2";
				TEST_HOST = "$(BUILT_PRODUCTS_DIR)/Dime.app/$(BUNDLE_EXECUTABLE_FOLDER_PATH)/Dime";
			};
			name = Release;
		};
		122592542B34BD7E0059B785 /* Debug */ = {
			isa = XCBuildConfiguration;
			buildSettings = {
				ALWAYS_EMBED_SWIFT_STANDARD_LIBRARIES = YES;
				CODE_SIGN_STYLE = Automatic;
				CURRENT_PROJECT_VERSION = 1;
				DEVELOPMENT_TEAM = 8QQYNTY523;
				GENERATE_INFOPLIST_FILE = YES;
				IPHONEOS_DEPLOYMENT_TARGET = 17.2;
				MACOSX_DEPLOYMENT_TARGET = 14.2;
				MARKETING_VERSION = 1.0;
				PRODUCT_BUNDLE_IDENTIFIER = com.weldtactics.DimeUITests;
				PRODUCT_NAME = "$(TARGET_NAME)";
				SDKROOT = auto;
				SUPPORTED_PLATFORMS = "iphoneos iphonesimulator macosx";
				SWIFT_EMIT_LOC_STRINGS = NO;
				SWIFT_VERSION = 5.0;
				TARGETED_DEVICE_FAMILY = "1,2";
				TEST_TARGET_NAME = Dime;
			};
			name = Debug;
		};
		122592552B34BD7E0059B785 /* Release */ = {
			isa = XCBuildConfiguration;
			buildSettings = {
				ALWAYS_EMBED_SWIFT_STANDARD_LIBRARIES = YES;
				CODE_SIGN_STYLE = Automatic;
				CURRENT_PROJECT_VERSION = 1;
				DEVELOPMENT_TEAM = 8QQYNTY523;
				GENERATE_INFOPLIST_FILE = YES;
				IPHONEOS_DEPLOYMENT_TARGET = 17.2;
				MACOSX_DEPLOYMENT_TARGET = 14.2;
				MARKETING_VERSION = 1.0;
				PRODUCT_BUNDLE_IDENTIFIER = com.weldtactics.DimeUITests;
				PRODUCT_NAME = "$(TARGET_NAME)";
				SDKROOT = auto;
				SUPPORTED_PLATFORMS = "iphoneos iphonesimulator macosx";
				SWIFT_EMIT_LOC_STRINGS = NO;
				SWIFT_VERSION = 5.0;
				TARGETED_DEVICE_FAMILY = "1,2";
				TEST_TARGET_NAME = Dime;
			};
			name = Release;
		};
/* End XCBuildConfiguration section */

/* Begin XCConfigurationList section */
		122592232B34BD7D0059B785 /* Build configuration list for PBXProject "Dime" */ = {
			isa = XCConfigurationList;
			buildConfigurations = (
				1225924B2B34BD7E0059B785 /* Debug */,
				1225924C2B34BD7E0059B785 /* Release */,
			);
			defaultConfigurationIsVisible = 0;
			defaultConfigurationName = Release;
		};
		1225924D2B34BD7E0059B785 /* Build configuration list for PBXNativeTarget "Dime" */ = {
			isa = XCConfigurationList;
			buildConfigurations = (
				1225924E2B34BD7E0059B785 /* Debug */,
				1225924F2B34BD7E0059B785 /* Release */,
			);
			defaultConfigurationIsVisible = 0;
			defaultConfigurationName = Release;
		};
		122592502B34BD7E0059B785 /* Build configuration list for PBXNativeTarget "DimeTests" */ = {
			isa = XCConfigurationList;
			buildConfigurations = (
				122592512B34BD7E0059B785 /* Debug */,
				122592522B34BD7E0059B785 /* Release */,
			);
			defaultConfigurationIsVisible = 0;
			defaultConfigurationName = Release;
		};
		122592532B34BD7E0059B785 /* Build configuration list for PBXNativeTarget "DimeUITests" */ = {
			isa = XCConfigurationList;
			buildConfigurations = (
				122592542B34BD7E0059B785 /* Debug */,
				122592552B34BD7E0059B785 /* Release */,
			);
			defaultConfigurationIsVisible = 0;
			defaultConfigurationName = Release;
		};
/* End XCConfigurationList section */
	};
	rootObject = 122592202B34BD7D0059B785 /* Project object */;
}
